
Microsoft Visual Studio Solution File, Format Version 12.00
# Visual Studio Version 17
VisualStudioVersion = 17.3.32922.545
MinimumVisualStudioVersion = 10.0.40219.1
Project("{FAE04EC0-301F-11D3-BF4B-00C04F79EFBC}") = "AdminPanelWPF", "AdminPanelWPF\AdminPanelWPF.csproj", "{9BC79736-98CD-4957-B66B-9F513B729EEF}"
EndProject
Global
	GlobalSection(SolutionConfigurationPlatforms) = preSolution
		Debug|Any CPU = Debug|Any CPU
		Release|Any CPU = Release|Any CPU
	EndGlobalSection
	GlobalSection(ProjectConfigurationPlatforms) = postSolution
		{9BC79736-98CD-4957-B66B-9F513B729EEF}.Debug|Any CPU.ActiveCfg = Debug|Any CPU
		{9BC79736-98CD-4957-B66B-9F513B729EEF}.Debug|Any CPU.Build.0 = Debug|Any CPU
		{9BC79736-98CD-4957-B66B-9F513B729EEF}.Release|Any CPU.ActiveCfg = Release|Any CPU
		{9BC79736-98CD-4957-B66B-9F513B729EEF}.Release|Any CPU.Build.0 = Release|Any CPU
	EndGlobalSection
	GlobalSection(SolutionProperties) = preSolution
		HideSolutionNode = FALSE
	EndGlobalSection
	GlobalSection(ExtensibilityGlobals) = postSolution
		SolutionGuid = {5E1150F0-9A20-406D-B6EE-053E55BB8A89}
	EndGlobalSection
EndGlobal
